// !$*UTF8*$!
{
	archiveVersion = 1;
	classes = {
	};
	objectVersion = 50;
	objects = {

/* Begin PBXBuildFile section */
		5B23448324A442C90067D224 /* AppDelegate.swift in Sources */ = {isa = PBXBuildFile; fileRef = 5B23448224A442C90067D224 /* AppDelegate.swift */; };
		5B23448524A442C90067D224 /* SceneDelegate.swift in Sources */ = {isa = PBXBuildFile; fileRef = 5B23448424A442C90067D224 /* SceneDelegate.swift */; };
		5B23448724A442C90067D224 /* RootVC.swift in Sources */ = {isa = PBXBuildFile; fileRef = 5B23448624A442C90067D224 /* RootVC.swift */; };
		5B23448A24A442C90067D224 /* Main.storyboard in Resources */ = {isa = PBXBuildFile; fileRef = 5B23448824A442C90067D224 /* Main.storyboard */; };
		5B23448C24A442CE0067D224 /* Assets.xcassets in Resources */ = {isa = PBXBuildFile; fileRef = 5B23448B24A442CE0067D224 /* Assets.xcassets */; };
		5B23448F24A442CE0067D224 /* LaunchScreen.storyboard in Resources */ = {isa = PBXBuildFile; fileRef = 5B23448D24A442CE0067D224 /* LaunchScreen.storyboard */; };
		5B23449B24A443E70067D224 /* DarkSkyResponse.swift in Sources */ = {isa = PBXBuildFile; fileRef = 5B23449A24A443E70067D224 /* DarkSkyResponse.swift */; };
		5B23449F24A448550067D224 /* DayVC.swift in Sources */ = {isa = PBXBuildFile; fileRef = 5B23449E24A448550067D224 /* DayVC.swift */; };
		5B2344A124A4487B0067D224 /* ForecastVC.swift in Sources */ = {isa = PBXBuildFile; fileRef = 5B2344A024A4487B0067D224 /* ForecastVC.swift */; };
		5B6F6C8924A449C3006B5E43 /* UIViewController+Ext.swift in Sources */ = {isa = PBXBuildFile; fileRef = 5B6F6C8824A449C3006B5E43 /* UIViewController+Ext.swift */; };
		5B6F6C8B24A44A36006B5E43 /* UIStoryboard+Ext.swift in Sources */ = {isa = PBXBuildFile; fileRef = 5B6F6C8A24A44A36006B5E43 /* UIStoryboard+Ext.swift */; };
		5B6F6C8D24A458C4006B5E43 /* WeatherRequest.swift in Sources */ = {isa = PBXBuildFile; fileRef = 5B6F6C8C24A458C4006B5E43 /* WeatherRequest.swift */; };
		5B6F6C8F24A459F9006B5E43 /* Configuration.swift in Sources */ = {isa = PBXBuildFile; fileRef = 5B6F6C8E24A459F9006B5E43 /* Configuration.swift */; };
		5B6F6C9324A50DAE006B5E43 /* RootViewModel.swift in Sources */ = {isa = PBXBuildFile; fileRef = 5B6F6C9224A50DAE006B5E43 /* RootViewModel.swift */; };
		5B6F6C9624A59AC9006B5E43 /* WeatherData.swift in Sources */ = {isa = PBXBuildFile; fileRef = 5B6F6C9524A59AC9006B5E43 /* WeatherData.swift */; };
		5BCB35CC24A6F05C00418840 /* Styles.swift in Sources */ = {isa = PBXBuildFile; fileRef = 5BCB35CB24A6F05C00418840 /* Styles.swift */; };
		5BE3FF5524A7F49100BB1A40 /* DayViewModel.swift in Sources */ = {isa = PBXBuildFile; fileRef = 5BE3FF5424A7F49100BB1A40 /* DayViewModel.swift */; };
		5BE3FF5724A8FDA100BB1A40 /* UIImage+Ext.swift in Sources */ = {isa = PBXBuildFile; fileRef = 5BE3FF5624A8FDA100BB1A40 /* UIImage+Ext.swift */; };
		5BE3FF6924A9500500BB1A40 /* DayViewModelTests.swift in Sources */ = {isa = PBXBuildFile; fileRef = 5BE3FF6824A9500500BB1A40 /* DayViewModelTests.swift */; };
		5BE3FF6B24A951E600BB1A40 /* darksky.json in Resources */ = {isa = PBXBuildFile; fileRef = 5BE3FF6A24A951E500BB1A40 /* darksky.json */; };
		5BE3FF6F24A9523300BB1A40 /* XCTestCase+Ext.swift in Sources */ = {isa = PBXBuildFile; fileRef = 5BE3FF6E24A9523300BB1A40 /* XCTestCase+Ext.swift */; };
		5BE3FF7124A9720800BB1A40 /* ForecastViewModel.swift in Sources */ = {isa = PBXBuildFile; fileRef = 5BE3FF7024A9720800BB1A40 /* ForecastViewModel.swift */; };
		5BE3FF7424A9877100BB1A40 /* ForecastCell.swift in Sources */ = {isa = PBXBuildFile; fileRef = 5BE3FF7324A9877100BB1A40 /* ForecastCell.swift */; };
		5BE3FF7624A98DAC00BB1A40 /* WeekDayViewModel.swift in Sources */ = {isa = PBXBuildFile; fileRef = 5BE3FF7524A98DAC00BB1A40 /* WeekDayViewModel.swift */; };
/* End PBXBuildFile section */

/* Begin PBXContainerItemProxy section */
		5BE3FF6124A94F3F00BB1A40 /* PBXContainerItemProxy */ = {
			isa = PBXContainerItemProxy;
			containerPortal = 5B23447724A442C90067D224 /* Project object */;
			proxyType = 1;
			remoteGlobalIDString = 5B23447E24A442C90067D224;
			remoteInfo = WeatherApp;
		};
/* End PBXContainerItemProxy section */

/* Begin PBXFileReference section */
		5B23447F24A442C90067D224 /* WeatherApp.app */ = {isa = PBXFileReference; explicitFileType = wrapper.application; includeInIndex = 0; path = WeatherApp.app; sourceTree = BUILT_PRODUCTS_DIR; };
		5B23448224A442C90067D224 /* AppDelegate.swift */ = {isa = PBXFileReference; lastKnownFileType = sourcecode.swift; path = AppDelegate.swift; sourceTree = "<group>"; };
		5B23448424A442C90067D224 /* SceneDelegate.swift */ = {isa = PBXFileReference; lastKnownFileType = sourcecode.swift; path = SceneDelegate.swift; sourceTree = "<group>"; };
		5B23448624A442C90067D224 /* RootVC.swift */ = {isa = PBXFileReference; lastKnownFileType = sourcecode.swift; path = RootVC.swift; sourceTree = "<group>"; };
		5B23448924A442C90067D224 /* Base */ = {isa = PBXFileReference; lastKnownFileType = file.storyboard; name = Base; path = Base.lproj/Main.storyboard; sourceTree = "<group>"; };
		5B23448B24A442CE0067D224 /* Assets.xcassets */ = {isa = PBXFileReference; lastKnownFileType = folder.assetcatalog; path = Assets.xcassets; sourceTree = "<group>"; };
		5B23448E24A442CE0067D224 /* Base */ = {isa = PBXFileReference; lastKnownFileType = file.storyboard; name = Base; path = Base.lproj/LaunchScreen.storyboard; sourceTree = "<group>"; };
		5B23449024A442CE0067D224 /* Info.plist */ = {isa = PBXFileReference; lastKnownFileType = text.plist.xml; path = Info.plist; sourceTree = "<group>"; };
		5B23449A24A443E70067D224 /* DarkSkyResponse.swift */ = {isa = PBXFileReference; lastKnownFileType = sourcecode.swift; path = DarkSkyResponse.swift; sourceTree = "<group>"; };
		5B23449E24A448550067D224 /* DayVC.swift */ = {isa = PBXFileReference; lastKnownFileType = sourcecode.swift; path = DayVC.swift; sourceTree = "<group>"; };
		5B2344A024A4487B0067D224 /* ForecastVC.swift */ = {isa = PBXFileReference; lastKnownFileType = sourcecode.swift; path = ForecastVC.swift; sourceTree = "<group>"; };
		5B6F6C8824A449C3006B5E43 /* UIViewController+Ext.swift */ = {isa = PBXFileReference; lastKnownFileType = sourcecode.swift; path = "UIViewController+Ext.swift"; sourceTree = "<group>"; };
		5B6F6C8A24A44A36006B5E43 /* UIStoryboard+Ext.swift */ = {isa = PBXFileReference; lastKnownFileType = sourcecode.swift; path = "UIStoryboard+Ext.swift"; sourceTree = "<group>"; };
		5B6F6C8C24A458C4006B5E43 /* WeatherRequest.swift */ = {isa = PBXFileReference; lastKnownFileType = sourcecode.swift; path = WeatherRequest.swift; sourceTree = "<group>"; };
		5B6F6C8E24A459F9006B5E43 /* Configuration.swift */ = {isa = PBXFileReference; lastKnownFileType = sourcecode.swift; path = Configuration.swift; sourceTree = "<group>"; };
		5B6F6C9224A50DAE006B5E43 /* RootViewModel.swift */ = {isa = PBXFileReference; lastKnownFileType = sourcecode.swift; path = RootViewModel.swift; sourceTree = "<group>"; };
		5B6F6C9524A59AC9006B5E43 /* WeatherData.swift */ = {isa = PBXFileReference; lastKnownFileType = sourcecode.swift; path = WeatherData.swift; sourceTree = "<group>"; };
		5BCB35CB24A6F05C00418840 /* Styles.swift */ = {isa = PBXFileReference; lastKnownFileType = sourcecode.swift; path = Styles.swift; sourceTree = "<group>"; };
		5BE3FF5424A7F49100BB1A40 /* DayViewModel.swift */ = {isa = PBXFileReference; lastKnownFileType = sourcecode.swift; path = DayViewModel.swift; sourceTree = "<group>"; };
		5BE3FF5624A8FDA100BB1A40 /* UIImage+Ext.swift */ = {isa = PBXFileReference; lastKnownFileType = sourcecode.swift; path = "UIImage+Ext.swift"; sourceTree = "<group>"; };
		5BE3FF5C24A94F3F00BB1A40 /* WeatherAppTests.xctest */ = {isa = PBXFileReference; explicitFileType = wrapper.cfbundle; includeInIndex = 0; path = WeatherAppTests.xctest; sourceTree = BUILT_PRODUCTS_DIR; };
		5BE3FF6024A94F3F00BB1A40 /* Info.plist */ = {isa = PBXFileReference; lastKnownFileType = text.plist.xml; path = Info.plist; sourceTree = "<group>"; };
		5BE3FF6824A9500500BB1A40 /* DayViewModelTests.swift */ = {isa = PBXFileReference; lastKnownFileType = sourcecode.swift; path = DayViewModelTests.swift; sourceTree = "<group>"; };
		5BE3FF6A24A951E500BB1A40 /* darksky.json */ = {isa = PBXFileReference; fileEncoding = 4; lastKnownFileType = text.json; path = darksky.json; sourceTree = "<group>"; };
		5BE3FF6E24A9523300BB1A40 /* XCTestCase+Ext.swift */ = {isa = PBXFileReference; lastKnownFileType = sourcecode.swift; path = "XCTestCase+Ext.swift"; sourceTree = "<group>"; };
		5BE3FF7024A9720800BB1A40 /* ForecastViewModel.swift */ = {isa = PBXFileReference; lastKnownFileType = sourcecode.swift; path = ForecastViewModel.swift; sourceTree = "<group>"; };
		5BE3FF7324A9877100BB1A40 /* ForecastCell.swift */ = {isa = PBXFileReference; lastKnownFileType = sourcecode.swift; path = ForecastCell.swift; sourceTree = "<group>"; };
		5BE3FF7524A98DAC00BB1A40 /* WeekDayViewModel.swift */ = {isa = PBXFileReference; lastKnownFileType = sourcecode.swift; path = WeekDayViewModel.swift; sourceTree = "<group>"; };
/* End PBXFileReference section */

/* Begin PBXFrameworksBuildPhase section */
		5B23447C24A442C90067D224 /* Frameworks */ = {
			isa = PBXFrameworksBuildPhase;
			buildActionMask = 2147483647;
			files = (
			);
			runOnlyForDeploymentPostprocessing = 0;
		};
		5BE3FF5924A94F3F00BB1A40 /* Frameworks */ = {
			isa = PBXFrameworksBuildPhase;
			buildActionMask = 2147483647;
			files = (
			);
			runOnlyForDeploymentPostprocessing = 0;
		};
/* End PBXFrameworksBuildPhase section */

/* Begin PBXGroup section */
		5B23447624A442C90067D224 = {
			isa = PBXGroup;
			children = (
				5B23448124A442C90067D224 /* WeatherApp */,
				5BE3FF5D24A94F3F00BB1A40 /* WeatherAppTests */,
				5B23448024A442C90067D224 /* Products */,
			);
			sourceTree = "<group>";
		};
		5B23448024A442C90067D224 /* Products */ = {
			isa = PBXGroup;
			children = (
				5B23447F24A442C90067D224 /* WeatherApp.app */,
				5BE3FF5C24A94F3F00BB1A40 /* WeatherAppTests.xctest */,
			);
			name = Products;
			sourceTree = "<group>";
		};
		5B23448124A442C90067D224 /* WeatherApp */ = {
			isa = PBXGroup;
			children = (
				5BE3FF7224A9874A00BB1A40 /* Views */,
				5B6F6C9424A59ABE006B5E43 /* Protocols */,
				5B6F6C9024A45E56006B5E43 /* Configuration */,
				5B2344A224A449540067D224 /* Extensions */,
				5B23449C24A443FD0067D224 /* Models */,
				5B23449924A443350067D224 /* View Controllers */,
				5B6F6C9124A50D61006B5E43 /* ViewModels */,
				5B23449724A4430B0067D224 /* Storyboards */,
				5B23449824A4431A0067D224 /* Resources */,
				5B23449624A442EE0067D224 /* Support */,
			);
			path = WeatherApp;
			sourceTree = "<group>";
		};
		5B23449624A442EE0067D224 /* Support */ = {
			isa = PBXGroup;
			children = (
				5B23448424A442C90067D224 /* SceneDelegate.swift */,
				5B23449024A442CE0067D224 /* Info.plist */,
				5B23448224A442C90067D224 /* AppDelegate.swift */,
			);
			path = Support;
			sourceTree = "<group>";
		};
		5B23449724A4430B0067D224 /* Storyboards */ = {
			isa = PBXGroup;
			children = (
				5B23448824A442C90067D224 /* Main.storyboard */,
				5B23448D24A442CE0067D224 /* LaunchScreen.storyboard */,
			);
			path = Storyboards;
			sourceTree = "<group>";
		};
		5B23449824A4431A0067D224 /* Resources */ = {
			isa = PBXGroup;
			children = (
				5B23448B24A442CE0067D224 /* Assets.xcassets */,
			);
			path = Resources;
			sourceTree = "<group>";
		};
		5B23449924A443350067D224 /* View Controllers */ = {
			isa = PBXGroup;
			children = (
				5B23448624A442C90067D224 /* RootVC.swift */,
				5B23449D24A448180067D224 /* Weather VCs */,
			);
			path = "View Controllers";
			sourceTree = "<group>";
		};
		5B23449C24A443FD0067D224 /* Models */ = {
			isa = PBXGroup;
			children = (
				5B23449A24A443E70067D224 /* DarkSkyResponse.swift */,
				5B6F6C8C24A458C4006B5E43 /* WeatherRequest.swift */,
			);
			path = Models;
			sourceTree = "<group>";
		};
		5B23449D24A448180067D224 /* Weather VCs */ = {
			isa = PBXGroup;
			children = (
				5B23449E24A448550067D224 /* DayVC.swift */,
				5B2344A024A4487B0067D224 /* ForecastVC.swift */,
			);
			path = "Weather VCs";
			sourceTree = "<group>";
		};
		5B2344A224A449540067D224 /* Extensions */ = {
			isa = PBXGroup;
			children = (
				5B6F6C8824A449C3006B5E43 /* UIViewController+Ext.swift */,
				5B6F6C8A24A44A36006B5E43 /* UIStoryboard+Ext.swift */,
				5BE3FF5624A8FDA100BB1A40 /* UIImage+Ext.swift */,
			);
			path = Extensions;
			sourceTree = "<group>";
		};
		5B6F6C9024A45E56006B5E43 /* Configuration */ = {
			isa = PBXGroup;
			children = (
				5B6F6C8E24A459F9006B5E43 /* Configuration.swift */,
				5BCB35CB24A6F05C00418840 /* Styles.swift */,
			);
			path = Configuration;
			sourceTree = "<group>";
		};
		5B6F6C9124A50D61006B5E43 /* ViewModels */ = {
			isa = PBXGroup;
			children = (
				5B6F6C9224A50DAE006B5E43 /* RootViewModel.swift */,
				5BE3FF5424A7F49100BB1A40 /* DayViewModel.swift */,
				5BE3FF7024A9720800BB1A40 /* ForecastViewModel.swift */,
				5BE3FF7524A98DAC00BB1A40 /* WeekDayViewModel.swift */,
			);
			path = ViewModels;
			sourceTree = "<group>";
		};
		5B6F6C9424A59ABE006B5E43 /* Protocols */ = {
			isa = PBXGroup;
			children = (
				5B6F6C9524A59AC9006B5E43 /* WeatherData.swift */,
			);
			path = Protocols;
			sourceTree = "<group>";
		};
		5BE3FF5D24A94F3F00BB1A40 /* WeatherAppTests */ = {
			isa = PBXGroup;
			children = (
				5BE3FF6D24A9520F00BB1A40 /* Extensions */,
				5BE3FF6C24A951F700BB1A40 /* Stubs */,
				5BE3FF6724A94FC100BB1A40 /* Test Cases */,
				5BE3FF6624A94F6700BB1A40 /* Support */,
			);
			path = WeatherAppTests;
			sourceTree = "<group>";
		};
		5BE3FF6624A94F6700BB1A40 /* Support */ = {
			isa = PBXGroup;
			children = (
				5BE3FF6024A94F3F00BB1A40 /* Info.plist */,
			);
			path = Support;
			sourceTree = "<group>";
		};
		5BE3FF6724A94FC100BB1A40 /* Test Cases */ = {
			isa = PBXGroup;
			children = (
				5BE3FF6824A9500500BB1A40 /* DayViewModelTests.swift */,
			);
			path = "Test Cases";
			sourceTree = "<group>";
		};
		5BE3FF6C24A951F700BB1A40 /* Stubs */ = {
			isa = PBXGroup;
			children = (
				5BE3FF6A24A951E500BB1A40 /* darksky.json */,
			);
			path = Stubs;
			sourceTree = "<group>";
		};
		5BE3FF6D24A9520F00BB1A40 /* Extensions */ = {
			isa = PBXGroup;
			children = (
				5BE3FF6E24A9523300BB1A40 /* XCTestCase+Ext.swift */,
			);
			path = Extensions;
			sourceTree = "<group>";
		};
		5BE3FF7224A9874A00BB1A40 /* Views */ = {
			isa = PBXGroup;
			children = (
				5BE3FF7324A9877100BB1A40 /* ForecastCell.swift */,
			);
			path = Views;
			sourceTree = "<group>";
		};
/* End PBXGroup section */

/* Begin PBXNativeTarget section */
		5B23447E24A442C90067D224 /* WeatherApp */ = {
			isa = PBXNativeTarget;
			buildConfigurationList = 5B23449324A442CE0067D224 /* Build configuration list for PBXNativeTarget "WeatherApp" */;
			buildPhases = (
				5B23447B24A442C90067D224 /* Sources */,
				5B23447C24A442C90067D224 /* Frameworks */,
				5B23447D24A442C90067D224 /* Resources */,
			);
			buildRules = (
			);
			dependencies = (
			);
			name = WeatherApp;
			productName = WeatherApp;
			productReference = 5B23447F24A442C90067D224 /* WeatherApp.app */;
			productType = "com.apple.product-type.application";
		};
		5BE3FF5B24A94F3F00BB1A40 /* WeatherAppTests */ = {
			isa = PBXNativeTarget;
			buildConfigurationList = 5BE3FF6324A94F3F00BB1A40 /* Build configuration list for PBXNativeTarget "WeatherAppTests" */;
			buildPhases = (
				5BE3FF5824A94F3F00BB1A40 /* Sources */,
				5BE3FF5924A94F3F00BB1A40 /* Frameworks */,
				5BE3FF5A24A94F3F00BB1A40 /* Resources */,
			);
			buildRules = (
			);
			dependencies = (
				5BE3FF6224A94F3F00BB1A40 /* PBXTargetDependency */,
			);
			name = WeatherAppTests;
			productName = WeatherAppTests;
			productReference = 5BE3FF5C24A94F3F00BB1A40 /* WeatherAppTests.xctest */;
			productType = "com.apple.product-type.bundle.unit-test";
		};
/* End PBXNativeTarget section */

/* Begin PBXProject section */
		5B23447724A442C90067D224 /* Project object */ = {
			isa = PBXProject;
			attributes = {
				LastSwiftUpdateCheck = 1150;
				LastUpgradeCheck = 1150;
				ORGANIZATIONNAME = "Aleksey Kabishau";
				TargetAttributes = {
					5B23447E24A442C90067D224 = {
						CreatedOnToolsVersion = 11.5;
					};
					5BE3FF5B24A94F3F00BB1A40 = {
						CreatedOnToolsVersion = 11.5;
						LastSwiftMigration = 1150;
						TestTargetID = 5B23447E24A442C90067D224;
					};
				};
			};
			buildConfigurationList = 5B23447A24A442C90067D224 /* Build configuration list for PBXProject "WeatherApp" */;
			compatibilityVersion = "Xcode 9.3";
			developmentRegion = en;
			hasScannedForEncodings = 0;
			knownRegions = (
				en,
				Base,
			);
			mainGroup = 5B23447624A442C90067D224;
			productRefGroup = 5B23448024A442C90067D224 /* Products */;
			projectDirPath = "";
			projectRoot = "";
			targets = (
				5B23447E24A442C90067D224 /* WeatherApp */,
				5BE3FF5B24A94F3F00BB1A40 /* WeatherAppTests */,
			);
		};
/* End PBXProject section */

/* Begin PBXResourcesBuildPhase section */
		5B23447D24A442C90067D224 /* Resources */ = {
			isa = PBXResourcesBuildPhase;
			buildActionMask = 2147483647;
			files = (
				5B23448F24A442CE0067D224 /* LaunchScreen.storyboard in Resources */,
				5B23448C24A442CE0067D224 /* Assets.xcassets in Resources */,
				5B23448A24A442C90067D224 /* Main.storyboard in Resources */,
			);
			runOnlyForDeploymentPostprocessing = 0;
		};
		5BE3FF5A24A94F3F00BB1A40 /* Resources */ = {
			isa = PBXResourcesBuildPhase;
			buildActionMask = 2147483647;
			files = (
				5BE3FF6B24A951E600BB1A40 /* darksky.json in Resources */,
			);
			runOnlyForDeploymentPostprocessing = 0;
		};
/* End PBXResourcesBuildPhase section */

/* Begin PBXSourcesBuildPhase section */
		5B23447B24A442C90067D224 /* Sources */ = {
			isa = PBXSourcesBuildPhase;
			buildActionMask = 2147483647;
			files = (
				5BE3FF5724A8FDA100BB1A40 /* UIImage+Ext.swift in Sources */,
				5B23449B24A443E70067D224 /* DarkSkyResponse.swift in Sources */,
				5B6F6C9624A59AC9006B5E43 /* WeatherData.swift in Sources */,
				5BCB35CC24A6F05C00418840 /* Styles.swift in Sources */,
				5B23449F24A448550067D224 /* DayVC.swift in Sources */,
				5BE3FF7124A9720800BB1A40 /* ForecastViewModel.swift in Sources */,
				5B6F6C8924A449C3006B5E43 /* UIViewController+Ext.swift in Sources */,
				5B23448724A442C90067D224 /* RootVC.swift in Sources */,
				5B6F6C8B24A44A36006B5E43 /* UIStoryboard+Ext.swift in Sources */,
				5B23448324A442C90067D224 /* AppDelegate.swift in Sources */,
				5B6F6C8F24A459F9006B5E43 /* Configuration.swift in Sources */,
				5B6F6C8D24A458C4006B5E43 /* WeatherRequest.swift in Sources */,
				5B6F6C9324A50DAE006B5E43 /* RootViewModel.swift in Sources */,
				5BE3FF7624A98DAC00BB1A40 /* WeekDayViewModel.swift in Sources */,
				5B23448524A442C90067D224 /* SceneDelegate.swift in Sources */,
				5B2344A124A4487B0067D224 /* ForecastVC.swift in Sources */,
				5BE3FF5524A7F49100BB1A40 /* DayViewModel.swift in Sources */,
				5BE3FF7424A9877100BB1A40 /* ForecastCell.swift in Sources */,
			);
			runOnlyForDeploymentPostprocessing = 0;
		};
		5BE3FF5824A94F3F00BB1A40 /* Sources */ = {
			isa = PBXSourcesBuildPhase;
			buildActionMask = 2147483647;
			files = (
				5BE3FF6F24A9523300BB1A40 /* XCTestCase+Ext.swift in Sources */,
				5BE3FF6924A9500500BB1A40 /* DayViewModelTests.swift in Sources */,
			);
			runOnlyForDeploymentPostprocessing = 0;
		};
/* End PBXSourcesBuildPhase section */

/* Begin PBXTargetDependency section */
		5BE3FF6224A94F3F00BB1A40 /* PBXTargetDependency */ = {
			isa = PBXTargetDependency;
			target = 5B23447E24A442C90067D224 /* WeatherApp */;
			targetProxy = 5BE3FF6124A94F3F00BB1A40 /* PBXContainerItemProxy */;
		};
/* End PBXTargetDependency section */

/* Begin PBXVariantGroup section */
		5B23448824A442C90067D224 /* Main.storyboard */ = {
			isa = PBXVariantGroup;
			children = (
				5B23448924A442C90067D224 /* Base */,
			);
			name = Main.storyboard;
			sourceTree = "<group>";
		};
		5B23448D24A442CE0067D224 /* LaunchScreen.storyboard */ = {
			isa = PBXVariantGroup;
			children = (
				5B23448E24A442CE0067D224 /* Base */,
			);
			name = LaunchScreen.storyboard;
			sourceTree = "<group>";
		};
/* End PBXVariantGroup section */

/* Begin XCBuildConfiguration section */
		5B23449124A442CE0067D224 /* Debug */ = {
			isa = XCBuildConfiguration;
			buildSettings = {
				ALWAYS_SEARCH_USER_PATHS = NO;
				CLANG_ANALYZER_NONNULL = YES;
				CLANG_ANALYZER_NUMBER_OBJECT_CONVERSION = YES_AGGRESSIVE;
				CLANG_CXX_LANGUAGE_STANDARD = "gnu++14";
				CLANG_CXX_LIBRARY = "libc++";
				CLANG_ENABLE_MODULES = YES;
				CLANG_ENABLE_OBJC_ARC = YES;
				CLANG_ENABLE_OBJC_WEAK = YES;
				CLANG_WARN_BLOCK_CAPTURE_AUTORELEASING = YES;
				CLANG_WARN_BOOL_CONVERSION = YES;
				CLANG_WARN_COMMA = YES;
				CLANG_WARN_CONSTANT_CONVERSION = YES;
				CLANG_WARN_DEPRECATED_OBJC_IMPLEMENTATIONS = YES;
				CLANG_WARN_DIRECT_OBJC_ISA_USAGE = YES_ERROR;
				CLANG_WARN_DOCUMENTATION_COMMENTS = YES;
				CLANG_WARN_EMPTY_BODY = YES;
				CLANG_WARN_ENUM_CONVERSION = YES;
				CLANG_WARN_INFINITE_RECURSION = YES;
				CLANG_WARN_INT_CONVERSION = YES;
				CLANG_WARN_NON_LITERAL_NULL_CONVERSION = YES;
				CLANG_WARN_OBJC_IMPLICIT_RETAIN_SELF = YES;
				CLANG_WARN_OBJC_LITERAL_CONVERSION = YES;
				CLANG_WARN_OBJC_ROOT_CLASS = YES_ERROR;
				CLANG_WARN_RANGE_LOOP_ANALYSIS = YES;
				CLANG_WARN_STRICT_PROTOTYPES = YES;
				CLANG_WARN_SUSPICIOUS_MOVE = YES;
				CLANG_WARN_UNGUARDED_AVAILABILITY = YES_AGGRESSIVE;
				CLANG_WARN_UNREACHABLE_CODE = YES;
				CLANG_WARN__DUPLICATE_METHOD_MATCH = YES;
				COPY_PHASE_STRIP = NO;
				DEBUG_INFORMATION_FORMAT = dwarf;
				ENABLE_STRICT_OBJC_MSGSEND = YES;
				ENABLE_TESTABILITY = YES;
				GCC_C_LANGUAGE_STANDARD = gnu11;
				GCC_DYNAMIC_NO_PIC = NO;
				GCC_NO_COMMON_BLOCKS = YES;
				GCC_OPTIMIZATION_LEVEL = 0;
				GCC_PREPROCESSOR_DEFINITIONS = (
					"DEBUG=1",
					"$(inherited)",
				);
				GCC_WARN_64_TO_32_BIT_CONVERSION = YES;
				GCC_WARN_ABOUT_RETURN_TYPE = YES_ERROR;
				GCC_WARN_UNDECLARED_SELECTOR = YES;
				GCC_WARN_UNINITIALIZED_AUTOS = YES_AGGRESSIVE;
				GCC_WARN_UNUSED_FUNCTION = YES;
				GCC_WARN_UNUSED_VARIABLE = YES;
				IPHONEOS_DEPLOYMENT_TARGET = 13.5;
				MTL_ENABLE_DEBUG_INFO = INCLUDE_SOURCE;
				MTL_FAST_MATH = YES;
				ONLY_ACTIVE_ARCH = YES;
				SDKROOT = iphoneos;
				SWIFT_ACTIVE_COMPILATION_CONDITIONS = DEBUG;
				SWIFT_OPTIMIZATION_LEVEL = "-Onone";
			};
			name = Debug;
		};
		5B23449224A442CE0067D224 /* Release */ = {
			isa = XCBuildConfiguration;
			buildSettings = {
				ALWAYS_SEARCH_USER_PATHS = NO;
				CLANG_ANALYZER_NONNULL = YES;
				CLANG_ANALYZER_NUMBER_OBJECT_CONVERSION = YES_AGGRESSIVE;
				CLANG_CXX_LANGUAGE_STANDARD = "gnu++14";
				CLANG_CXX_LIBRARY = "libc++";
				CLANG_ENABLE_MODULES = YES;
				CLANG_ENABLE_OBJC_ARC = YES;
				CLANG_ENABLE_OBJC_WEAK = YES;
				CLANG_WARN_BLOCK_CAPTURE_AUTORELEASING = YES;
				CLANG_WARN_BOOL_CONVERSION = YES;
				CLANG_WARN_COMMA = YES;
				CLANG_WARN_CONSTANT_CONVERSION = YES;
				CLANG_WARN_DEPRECATED_OBJC_IMPLEMENTATIONS = YES;
				CLANG_WARN_DIRECT_OBJC_ISA_USAGE = YES_ERROR;
				CLANG_WARN_DOCUMENTATION_COMMENTS = YES;
				CLANG_WARN_EMPTY_BODY = YES;
				CLANG_WARN_ENUM_CONVERSION = YES;
				CLANG_WARN_INFINITE_RECURSION = YES;
				CLANG_WARN_INT_CONVERSION = YES;
				CLANG_WARN_NON_LITERAL_NULL_CONVERSION = YES;
				CLANG_WARN_OBJC_IMPLICIT_RETAIN_SELF = YES;
				CLANG_WARN_OBJC_LITERAL_CONVERSION = YES;
				CLANG_WARN_OBJC_ROOT_CLASS = YES_ERROR;
				CLANG_WARN_RANGE_LOOP_ANALYSIS = YES;
				CLANG_WARN_STRICT_PROTOTYPES = YES;
				CLANG_WARN_SUSPICIOUS_MOVE = YES;
				CLANG_WARN_UNGUARDED_AVAILABILITY = YES_AGGRESSIVE;
				CLANG_WARN_UNREACHABLE_CODE = YES;
				CLANG_WARN__DUPLICATE_METHOD_MATCH = YES;
				COPY_PHASE_STRIP = NO;
				DEBUG_INFORMATION_FORMAT = "dwarf-with-dsym";
				ENABLE_NS_ASSERTIONS = NO;
				ENABLE_STRICT_OBJC_MSGSEND = YES;
				GCC_C_LANGUAGE_STANDARD = gnu11;
				GCC_NO_COMMON_BLOCKS = YES;
				GCC_WARN_64_TO_32_BIT_CONVERSION = YES;
				GCC_WARN_ABOUT_RETURN_TYPE = YES_ERROR;
				GCC_WARN_UNDECLARED_SELECTOR = YES;
				GCC_WARN_UNINITIALIZED_AUTOS = YES_AGGRESSIVE;
				GCC_WARN_UNUSED_FUNCTION = YES;
				GCC_WARN_UNUSED_VARIABLE = YES;
				IPHONEOS_DEPLOYMENT_TARGET = 13.5;
				MTL_ENABLE_DEBUG_INFO = NO;
				MTL_FAST_MATH = YES;
				SDKROOT = iphoneos;
				SWIFT_COMPILATION_MODE = wholemodule;
				SWIFT_OPTIMIZATION_LEVEL = "-O";
				VALIDATE_PRODUCT = YES;
			};
			name = Release;
		};
		5B23449424A442CE0067D224 /* Debug */ = {
			isa = XCBuildConfiguration;
			buildSettings = {
				ASSETCATALOG_COMPILER_APPICON_NAME = AppIcon;
				CODE_SIGN_STYLE = Automatic;
				DEVELOPMENT_TEAM = VGW2M4R8BY;
				INFOPLIST_FILE = WeatherApp/Support/Info.plist;
				LD_RUNPATH_SEARCH_PATHS = (
					"$(inherited)",
					"@executable_path/Frameworks",
				);
				PRODUCT_BUNDLE_IDENTIFIER = com.alekseykabishau.WeatherApp;
				PRODUCT_NAME = "$(TARGET_NAME)";
				SWIFT_VERSION = 5.0;
				TARGETED_DEVICE_FAMILY = 1;
			};
			name = Debug;
		};
		5B23449524A442CE0067D224 /* Release */ = {
			isa = XCBuildConfiguration;
			buildSettings = {
				ASSETCATALOG_COMPILER_APPICON_NAME = AppIcon;
				CODE_SIGN_STYLE = Automatic;
				DEVELOPMENT_TEAM = VGW2M4R8BY;
				INFOPLIST_FILE = WeatherApp/Support/Info.plist;
				LD_RUNPATH_SEARCH_PATHS = (
					"$(inherited)",
					"@executable_path/Frameworks",
				);
				PRODUCT_BUNDLE_IDENTIFIER = com.alekseykabishau.WeatherApp;
				PRODUCT_NAME = "$(TARGET_NAME)";
				SWIFT_VERSION = 5.0;
				TARGETED_DEVICE_FAMILY = 1;
			};
			name = Release;
		};
		5BE3FF6424A94F3F00BB1A40 /* Debug */ = {
			isa = XCBuildConfiguration;
			buildSettings = {
				BUNDLE_LOADER = "$(TEST_HOST)";
				CLANG_ENABLE_MODULES = YES;
				CODE_SIGN_STYLE = Automatic;
				DEVELOPMENT_TEAM = VGW2M4R8BY;
				INFOPLIST_FILE = WeatherAppTests/Support/Info.plist;
				LD_RUNPATH_SEARCH_PATHS = (
					"$(inherited)",
					"@executable_path/Frameworks",
					"@loader_path/Frameworks",
				);
				PRODUCT_BUNDLE_IDENTIFIER = com.alekseykabishau.WeatherAppTests;
				PRODUCT_NAME = "$(TARGET_NAME)";
				SWIFT_OPTIMIZATION_LEVEL = "-Onone";
				SWIFT_VERSION = 5.0;
				TARGETED_DEVICE_FAMILY = "1,2";
				TEST_HOST = "$(BUILT_PRODUCTS_DIR)/WeatherApp.app/WeatherApp";
			};
			name = Debug;
		};
		5BE3FF6524A94F3F00BB1A40 /* Release */ = {
			isa = XCBuildConfiguration;
			buildSettings = {
				BUNDLE_LOADER = "$(TEST_HOST)";
				CLANG_ENABLE_MODULES = YES;
				CODE_SIGN_STYLE = Automatic;
				DEVELOPMENT_TEAM = VGW2M4R8BY;
				INFOPLIST_FILE = WeatherAppTests/Support/Info.plist;
				LD_RUNPATH_SEARCH_PATHS = (
					"$(inherited)",
					"@executable_path/Frameworks",
					"@loader_path/Frameworks",
				);
				PRODUCT_BUNDLE_IDENTIFIER = com.alekseykabishau.WeatherAppTests;
				PRODUCT_NAME = "$(TARGET_NAME)";
				SWIFT_VERSION = 5.0;
				TARGETED_DEVICE_FAMILY = "1,2";
				TEST_HOST = "$(BUILT_PRODUCTS_DIR)/WeatherApp.app/WeatherApp";
			};
			name = Release;
		};
/* End XCBuildConfiguration section */

/* Begin XCConfigurationList section */
		5B23447A24A442C90067D224 /* Build configuration list for PBXProject "WeatherApp" */ = {
			isa = XCConfigurationList;
			buildConfigurations = (
				5B23449124A442CE0067D224 /* Debug */,
				5B23449224A442CE0067D224 /* Release */,
			);
			defaultConfigurationIsVisible = 0;
			defaultConfigurationName = Release;
		};
		5B23449324A442CE0067D224 /* Build configuration list for PBXNativeTarget "WeatherApp" */ = {
			isa = XCConfigurationList;
			buildConfigurations = (
				5B23449424A442CE0067D224 /* Debug */,
				5B23449524A442CE0067D224 /* Release */,
			);
			defaultConfigurationIsVisible = 0;
			defaultConfigurationName = Release;
		};
		5BE3FF6324A94F3F00BB1A40 /* Build configuration list for PBXNativeTarget "WeatherAppTests" */ = {
			isa = XCConfigurationList;
			buildConfigurations = (
				5BE3FF6424A94F3F00BB1A40 /* Debug */,
				5BE3FF6524A94F3F00BB1A40 /* Release */,
			);
			defaultConfigurationIsVisible = 0;
			defaultConfigurationName = Release;
		};
/* End XCConfigurationList section */
	};
	rootObject = 5B23447724A442C90067D224 /* Project object */;
}
